
Microsoft Visual Studio Solution File, Format Version 12.00
# Visual Studio Version 17
VisualStudioVersion = 17.6.33829.357
MinimumVisualStudioVersion = 10.0.40219.1
Project("{FAE04EC0-301F-11D3-BF4B-00C04F79EFBC}") = "ExceptionsHandlingMore", "ExceptionsHandlingMore\ExceptionsHandlingMore.csproj", "{1318CA39-C18F-4D7F-B2ED-60F49B129710}"
EndProject
Global
	GlobalSection(SolutionConfigurationPlatforms) = preSolution
		Debug|Any CPU = Debug|Any CPU
		Release|Any CPU = Release|Any CPU
	EndGlobalSection
	GlobalSection(ProjectConfigurationPlatforms) = postSolution
		{1318CA39-C18F-4D7F-B2ED-60F49B129710}.Debug|Any CPU.ActiveCfg = Debug|Any CPU
		{1318CA39-C18F-4D7F-B2ED-60F49B129710}.Debug|Any CPU.Build.0 = Debug|Any CPU
		{1318CA39-C18F-4D7F-B2ED-60F49B129710}.Release|Any CPU.ActiveCfg = Release|Any CPU
		{1318CA39-C18F-4D7F-B2ED-60F49B129710}.Release|Any CPU.Build.0 = Release|Any CPU
	EndGlobalSection
	GlobalSection(SolutionProperties) = preSolution
		HideSolutionNode = FALSE
	EndGlobalSection
	GlobalSection(ExtensibilityGlobals) = postSolution
		SolutionGuid = {100AB704-76C8-4FC9-92E1-4FDD76D194A9}
	EndGlobalSection
EndGlobal
